
Microsoft Visual Studio Solution File, Format Version 12.00
# Visual Studio Version 17
VisualStudioVersion = 17.0.31903.59
MinimumVisualStudioVersion = 10.0.40219.1
Project("{2150E333-8FDC-42A3-9474-1A3956D46DE8}") = "src", "src", "{827E0CD3-B72D-47B6-A68D-7590B98EB39B}"
EndProject
Project("{FAE04EC0-301F-11D3-BF4B-00C04F79EFBC}") = "HermesAgent.Sdk", "src\HermesAgent.Sdk\HermesAgent.Sdk.csproj", "{9FD97A30-6E0E-4410-BC1D-F9CA429C879F}"
EndProject
Project("{FAE04EC0-301F-11D3-BF4B-00C04F79EFBC}") = "HermesAgent.Sdk.AspNetCore", "src\HermesAgent.Sdk.AspNetCore\HermesAgent.Sdk.AspNetCore.csproj", "{33910567-393C-4AA1-9D84-AAE9F3CA35BC}"
EndProject
Project("{2150E333-8FDC-42A3-9474-1A3956D46DE8}") = "samples", "samples", "{F5B4C3D2-A1E0-4F9B-8C7D-6E5F4A3B2C1A}"
EndProject
Project("{FAE04EC0-301F-11D3-BF4B-00C04F79EFBC}") = "ConsoleChat", "samples\ConsoleChat\ConsoleChat.csproj", "{A1B2C3D4-E5F6-7890-ABCD-EF1234567890}"
EndProject
Project("{FAE04EC0-301F-11D3-BF4B-00C04F79EFBC}") = "WebApiDemo", "samples\WebApiDemo\WebApiDemo.csproj", "{B2C3D4E5-F6A7-8901-BCDE-F23456789012}"
EndProject
Project("{FAE04EC0-301F-11D3-BF4B-00C04F79EFBC}") = "WebhookReceiverDemo", "samples\WebhookReceiverDemo\WebhookReceiverDemo.csproj", "{C3D4E5F6-A7B8-9012-CDEF-345678901234}"
EndProject
Project("{FAE04EC0-301F-11D3-BF4B-00C04F79EFBC}") = "ConsoleRuns", "samples\ConsoleRuns\ConsoleRuns.csproj", "{86E43B2C-D5B8-2F8D-6F0F-AD7083A094BA}"
EndProject
Project("{FAE04EC0-301F-11D3-BF4B-00C04F79EFBC}") = "BatchRuns", "samples\BatchRuns\BatchRuns.csproj", "{9C7A6107-902C-FF88-7554-C01B38E090B3}"
EndProject
Project("{FAE04EC0-301F-11D3-BF4B-00C04F79EFBC}") = "HermesAgent.Sdk.WorkflowChain", "src\HermesAgent.Sdk.WorkflowChain\HermesAgent.Sdk.WorkflowChain.csproj", "{DCB1053D-402B-B84B-FB38-08A29994E898}"
EndProject
Project("{FAE04EC0-301F-11D3-BF4B-00C04F79EFBC}") = "WorkflowChainDemo", "samples\WorkflowChainDemo\WorkflowChainDemo.csproj", "{2E4EB946-0F33-97A5-DFD5-0244499BF599}"
EndProject
Project("{FAE04EC0-301F-11D3-BF4B-00C04F79EFBC}") = "HermesAgent.Sdk.WorkflowChain.Tests", "tests\HermesAgent.Sdk.WorkflowChain.Tests\HermesAgent.Sdk.WorkflowChain.Tests.csproj", "{5B5A0823-5BFE-A05F-5510-217CAD60569A}"
EndProject
Project("{FAE04EC0-301F-11D3-BF4B-00C04F79EFBC}") = "WorkflowApprovalDemo", "samples\WorkflowApprovalDemo\WorkflowApprovalDemo.csproj", "{5943240A-9B57-2165-1957-4B84A7B19288}"
EndProject
Project("{2150E333-8FDC-42A3-9474-1A3956D46DE8}") = "tests", "tests", "{02EA681E-C7D8-13C7-8484-4AC65E1B71E8}"
EndProject
Global
	GlobalSection(SolutionConfigurationPlatforms) = preSolution
		Debug|Any CPU = Debug|Any CPU
		Debug|x64 = Debug|x64
		Debug|x86 = Debug|x86
		Release|Any CPU = Release|Any CPU
		Release|x64 = Release|x64
		Release|x86 = Release|x86
	EndGlobalSection
	GlobalSection(ProjectConfigurationPlatforms) = postSolution
		{9FD97A30-6E0E-4410-BC1D-F9CA429C879F}.Debug|Any CPU.ActiveCfg = Debug|Any CPU
		{9FD97A30-6E0E-4410-BC1D-F9CA429C879F}.Debug|Any CPU.Build.0 = Debug|Any CPU
		{9FD97A30-6E0E-4410-BC1D-F9CA429C879F}.Debug|x64.ActiveCfg = Debug|Any CPU
		{9FD97A30-6E0E-4410-BC1D-F9CA429C879F}.Debug|x64.Build.0 = Debug|Any CPU
		{9FD97A30-6E0E-4410-BC1D-F9CA429C879F}.Debug|x86.ActiveCfg = Debug|Any CPU
		{9FD97A30-6E0E-4410-BC1D-F9CA429C879F}.Debug|x86.Build.0 = Debug|Any CPU
		{9FD97A30-6E0E-4410-BC1D-F9CA429C879F}.Release|Any CPU.ActiveCfg = Release|Any CPU
		{9FD97A30-6E0E-4410-BC1D-F9CA429C879F}.Release|Any CPU.Build.0 = Release|Any CPU
		{9FD97A30-6E0E-4410-BC1D-F9CA429C879F}.Release|x64.ActiveCfg = Release|Any CPU
		{9FD97A30-6E0E-4410-BC1D-F9CA429C879F}.Release|x64.Build.0 = Release|Any CPU
		{9FD97A30-6E0E-4410-BC1D-F9CA429C879F}.Release|x86.ActiveCfg = Release|Any CPU
		{9FD97A30-6E0E-4410-BC1D-F9CA429C879F}.Release|x86.Build.0 = Release|Any CPU
		{33910567-393C-4AA1-9D84-AAE9F3CA35BC}.Debug|Any CPU.ActiveCfg = Debug|Any CPU
		{33910567-393C-4AA1-9D84-AAE9F3CA35BC}.Debug|Any CPU.Build.0 = Debug|Any CPU
		{33910567-393C-4AA1-9D84-AAE9F3CA35BC}.Debug|x64.ActiveCfg = Debug|Any CPU
		{33910567-393C-4AA1-9D84-AAE9F3CA35BC}.Debug|x64.Build.0 = Debug|Any CPU
		{33910567-393C-4AA1-9D84-AAE9F3CA35BC}.Debug|x86.ActiveCfg = Debug|Any CPU
		{33910567-393C-4AA1-9D84-AAE9F3CA35BC}.Debug|x86.Build.0 = Debug|Any CPU
		{33910567-393C-4AA1-9D84-AAE9F3CA35BC}.Release|Any CPU.ActiveCfg = Release|Any CPU
		{33910567-393C-4AA1-9D84-AAE9F3CA35BC}.Release|Any CPU.Build.0 = Release|Any CPU
		{33910567-393C-4AA1-9D84-AAE9F3CA35BC}.Release|x64.ActiveCfg = Release|Any CPU
		{33910567-393C-4AA1-9D84-AAE9F3CA35BC}.Release|x64.Build.0 = Release|Any CPU
		{33910567-393C-4AA1-9D84-AAE9F3CA35BC}.Release|x86.ActiveCfg = Release|Any CPU
		{33910567-393C-4AA1-9D84-AAE9F3CA35BC}.Release|x86.Build.0 = Release|Any CPU
		{A1B2C3D4-E5F6-7890-ABCD-EF1234567890}.Debug|Any CPU.ActiveCfg = Debug|Any CPU
		{A1B2C3D4-E5F6-7890-ABCD-EF1234567890}.Debug|Any CPU.Build.0 = Debug|Any CPU
		{A1B2C3D4-E5F6-7890-ABCD-EF1234567890}.Debug|x64.ActiveCfg = Debug|Any CPU
		{A1B2C3D4-E5F6-7890-ABCD-EF1234567890}.Debug|x64.Build.0 = Debug|Any CPU
		{A1B2C3D4-E5F6-7890-ABCD-EF1234567890}.Debug|x86.ActiveCfg = Debug|Any CPU
		{A1B2C3D4-E5F6-7890-ABCD-EF1234567890}.Debug|x86.Build.0 = Debug|Any CPU
		{A1B2C3D4-E5F6-7890-ABCD-EF1234567890}.Release|Any CPU.ActiveCfg = Release|Any CPU
		{A1B2C3D4-E5F6-7890-ABCD-EF1234567890}.Release|Any CPU.Build.0 = Release|Any CPU
		{A1B2C3D4-E5F6-7890-ABCD-EF1234567890}.Release|x64.ActiveCfg = Release|Any CPU
		{A1B2C3D4-E5F6-7890-ABCD-EF1234567890}.Release|x64.Build.0 = Release|Any CPU
		{A1B2C3D4-E5F6-7890-ABCD-EF1234567890}.Release|x86.ActiveCfg = Release|Any CPU
		{A1B2C3D4-E5F6-7890-ABCD-EF1234567890}.Release|x86.Build.0 = Release|Any CPU
		{B2C3D4E5-F6A7-8901-BCDE-F23456789012}.Debug|Any CPU.ActiveCfg = Debug|Any CPU
		{B2C3D4E5-F6A7-8901-BCDE-F23456789012}.Debug|Any CPU.Build.0 = Debug|Any CPU
		{B2C3D4E5-F6A7-8901-BCDE-F23456789012}.Debug|x64.ActiveCfg = Debug|Any CPU
		{B2C3D4E5-F6A7-8901-BCDE-F23456789012}.Debug|x64.Build.0 = Debug|Any CPU
		{B2C3D4E5-F6A7-8901-BCDE-F23456789012}.Debug|x86.ActiveCfg = Debug|Any CPU
		{B2C3D4E5-F6A7-8901-BCDE-F23456789012}.Debug|x86.Build.0 = Debug|Any CPU
		{B2C3D4E5-F6A7-8901-BCDE-F23456789012}.Release|Any CPU.ActiveCfg = Release|Any CPU
		{B2C3D4E5-F6A7-8901-BCDE-F23456789012}.Release|Any CPU.Build.0 = Release|Any CPU
		{B2C3D4E5-F6A7-8901-BCDE-F23456789012}.Release|x64.ActiveCfg = Release|Any CPU
		{B2C3D4E5-F6A7-8901-BCDE-F23456789012}.Release|x64.Build.0 = Release|Any CPU
		{B2C3D4E5-F6A7-8901-BCDE-F23456789012}.Release|x86.ActiveCfg = Release|Any CPU
		{B2C3D4E5-F6A7-8901-BCDE-F23456789012}.Release|x86.Build.0 = Release|Any CPU
		{C3D4E5F6-A7B8-9012-CDEF-345678901234}.Debug|Any CPU.ActiveCfg = Debug|Any CPU
		{C3D4E5F6-A7B8-9012-CDEF-345678901234}.Debug|Any CPU.Build.0 = Debug|Any CPU
		{C3D4E5F6-A7B8-9012-CDEF-345678901234}.Debug|x64.ActiveCfg = Debug|Any CPU
		{C3D4E5F6-A7B8-9012-CDEF-345678901234}.Debug|x64.Build.0 = Debug|Any CPU
		{C3D4E5F6-A7B8-9012-CDEF-345678901234}.Debug|x86.ActiveCfg = Debug|Any CPU
		{C3D4E5F6-A7B8-9012-CDEF-345678901234}.Debug|x86.Build.0 = Debug|Any CPU
		{C3D4E5F6-A7B8-9012-CDEF-345678901234}.Release|Any CPU.ActiveCfg = Release|Any CPU
		{C3D4E5F6-A7B8-9012-CDEF-345678901234}.Release|Any CPU.Build.0 = Release|Any CPU
		{C3D4E5F6-A7B8-9012-CDEF-345678901234}.Release|x64.ActiveCfg = Release|Any CPU
		{C3D4E5F6-A7B8-9012-CDEF-345678901234}.Release|x64.Build.0 = Release|Any CPU
		{C3D4E5F6-A7B8-9012-CDEF-345678901234}.Release|x86.ActiveCfg = Release|Any CPU
		{C3D4E5F6-A7B8-9012-CDEF-345678901234}.Release|x86.Build.0 = Release|Any CPU
		{86E43B2C-D5B8-2F8D-6F0F-AD7083A094BA}.Debug|Any CPU.ActiveCfg = Debug|Any CPU
		{86E43B2C-D5B8-2F8D-6F0F-AD7083A094BA}.Debug|Any CPU.Build.0 = Debug|Any CPU
		{86E43B2C-D5B8-2F8D-6F0F-AD7083A094BA}.Debug|x64.ActiveCfg = Debug|Any CPU
		{86E43B2C-D5B8-2F8D-6F0F-AD7083A094BA}.Debug|x64.Build.0 = Debug|Any CPU
		{86E43B2C-D5B8-2F8D-6F0F-AD7083A094BA}.Debug|x86.ActiveCfg = Debug|Any CPU
		{86E43B2C-D5B8-2F8D-6F0F-AD7083A094BA}.Debug|x86.Build.0 = Debug|Any CPU
		{86E43B2C-D5B8-2F8D-6F0F-AD7083A094BA}.Release|Any CPU.ActiveCfg = Release|Any CPU
		{86E43B2C-D5B8-2F8D-6F0F-AD7083A094BA}.Release|Any CPU.Build.0 = Release|Any CPU
		{86E43B2C-D5B8-2F8D-6F0F-AD7083A094BA}.Release|x64.ActiveCfg = Release|Any CPU
		{86E43B2C-D5B8-2F8D-6F0F-AD7083A094BA}.Release|x64.Build.0 = Release|Any CPU
		{86E43B2C-D5B8-2F8D-6F0F-AD7083A094BA}.Release|x86.ActiveCfg = Release|Any CPU
		{86E43B2C-D5B8-2F8D-6F0F-AD7083A094BA}.Release|x86.Build.0 = Release|Any CPU
		{9C7A6107-902C-FF88-7554-C01B38E090B3}.Debug|Any CPU.ActiveCfg = Debug|Any CPU
		{9C7A6107-902C-FF88-7554-C01B38E090B3}.Debug|Any CPU.Build.0 = Debug|Any CPU
		{9C7A6107-902C-FF88-7554-C01B38E090B3}.Debug|x64.ActiveCfg = Debug|Any CPU
		{9C7A6107-902C-FF88-7554-C01B38E090B3}.Debug|x64.Build.0 = Debug|Any CPU
		{9C7A6107-902C-FF88-7554-C01B38E090B3}.Debug|x86.ActiveCfg = Debug|Any CPU
		{9C7A6107-902C-FF88-7554-C01B38E090B3}.Debug|x86.Build.0 = Debug|Any CPU
		{9C7A6107-902C-FF88-7554-C01B38E090B3}.Release|Any CPU.ActiveCfg = Release|Any CPU
		{9C7A6107-902C-FF88-7554-C01B38E090B3}.Release|Any CPU.Build.0 = Release|Any CPU
		{9C7A6107-902C-FF88-7554-C01B38E090B3}.Release|x64.ActiveCfg = Release|Any CPU
		{9C7A6107-902C-FF88-7554-C01B38E090B3}.Release|x64.Build.0 = Release|Any CPU
		{9C7A6107-902C-FF88-7554-C01B38E090B3}.Release|x86.ActiveCfg = Release|Any CPU
		{9C7A6107-902C-FF88-7554-C01B38E090B3}.Release|x86.Build.0 = Release|Any CPU
		{DCB1053D-402B-B84B-FB38-08A29994E898}.Debug|Any CPU.ActiveCfg = Debug|Any CPU
		{DCB1053D-402B-B84B-FB38-08A29994E898}.Debug|Any CPU.Build.0 = Debug|Any CPU
		{DCB1053D-402B-B84B-FB38-08A29994E898}.Debug|x64.ActiveCfg = Debug|Any CPU
		{DCB1053D-402B-B84B-FB38-08A29994E898}.Debug|x64.Build.0 = Debug|Any CPU
		{DCB1053D-402B-B84B-FB38-08A29994E898}.Debug|x86.ActiveCfg = Debug|Any CPU
		{DCB1053D-402B-B84B-FB38-08A29994E898}.Debug|x86.Build.0 = Debug|Any CPU
		{DCB1053D-402B-B84B-FB38-08A29994E898}.Release|Any CPU.ActiveCfg = Release|Any CPU
		{DCB1053D-402B-B84B-FB38-08A29994E898}.Release|Any CPU.Build.0 = Release|Any CPU
		{DCB1053D-402B-B84B-FB38-08A29994E898}.Release|x64.ActiveCfg = Release|Any CPU
		{DCB1053D-402B-B84B-FB38-08A29994E898}.Release|x64.Build.0 = Release|Any CPU
		{DCB1053D-402B-B84B-FB38-08A29994E898}.Release|x86.ActiveCfg = Release|Any CPU
		{DCB1053D-402B-B84B-FB38-08A29994E898}.Release|x86.Build.0 = Release|Any CPU
		{2E4EB946-0F33-97A5-DFD5-0244499BF599}.Debug|Any CPU.ActiveCfg = Debug|Any CPU
		{2E4EB946-0F33-97A5-DFD5-0244499BF599}.Debug|Any CPU.Build.0 = Debug|Any CPU
		{2E4EB946-0F33-97A5-DFD5-0244499BF599}.Debug|x64.ActiveCfg = Debug|Any CPU
		{2E4EB946-0F33-97A5-DFD5-0244499BF599}.Debug|x64.Build.0 = Debug|Any CPU
		{2E4EB946-0F33-97A5-DFD5-0244499BF599}.Debug|x86.ActiveCfg = Debug|Any CPU
		{2E4EB946-0F33-97A5-DFD5-0244499BF599}.Debug|x86.Build.0 = Debug|Any CPU
		{2E4EB946-0F33-97A5-DFD5-0244499BF599}.Release|Any CPU.ActiveCfg = Release|Any CPU
		{2E4EB946-0F33-97A5-DFD5-0244499BF599}.Release|Any CPU.Build.0 = Release|Any CPU
		{2E4EB946-0F33-97A5-DFD5-0244499BF599}.Release|x64.ActiveCfg = Release|Any CPU
		{2E4EB946-0F33-97A5-DFD5-0244499BF599}.Release|x64.Build.0 = Release|Any CPU
		{2E4EB946-0F33-97A5-DFD5-0244499BF599}.Release|x86.ActiveCfg = Release|Any CPU
		{2E4EB946-0F33-97A5-DFD5-0244499BF599}.Release|x86.Build.0 = Release|Any CPU
		{5B5A0823-5BFE-A05F-5510-217CAD60569A}.Debug|Any CPU.ActiveCfg = Debug|Any CPU
		{5B5A0823-5BFE-A05F-5510-217CAD60569A}.Debug|Any CPU.Build.0 = Debug|Any CPU
		{5B5A0823-5BFE-A05F-5510-217CAD60569A}.Debug|x64.ActiveCfg = Debug|Any CPU
		{5B5A0823-5BFE-A05F-5510-217CAD60569A}.Debug|x64.Build.0 = Debug|Any CPU
		{5B5A0823-5BFE-A05F-5510-217CAD60569A}.Debug|x86.ActiveCfg = Debug|Any CPU
		{5B5A0823-5BFE-A05F-5510-217CAD60569A}.Debug|x86.Build.0 = Debug|Any CPU
		{5B5A0823-5BFE-A05F-5510-217CAD60569A}.Release|Any CPU.ActiveCfg = Release|Any CPU
		{5B5A0823-5BFE-A05F-5510-217CAD60569A}.Release|Any CPU.Build.0 = Release|Any CPU
		{5B5A0823-5BFE-A05F-5510-217CAD60569A}.Release|x64.ActiveCfg = Release|Any CPU
		{5B5A0823-5BFE-A05F-5510-217CAD60569A}.Release|x64.Build.0 = Release|Any CPU
		{5B5A0823-5BFE-A05F-5510-217CAD60569A}.Release|x86.ActiveCfg = Release|Any CPU
		{5B5A0823-5BFE-A05F-5510-217CAD60569A}.Release|x86.Build.0 = Release|Any CPU
		{5943240A-9B57-2165-1957-4B84A7B19288}.Debug|Any CPU.ActiveCfg = Debug|Any CPU
		{5943240A-9B57-2165-1957-4B84A7B19288}.Debug|Any CPU.Build.0 = Debug|Any CPU
		{5943240A-9B57-2165-1957-4B84A7B19288}.Debug|x64.ActiveCfg = Debug|Any CPU
		{5943240A-9B57-2165-1957-4B84A7B19288}.Debug|x64.Build.0 = Debug|Any CPU
		{5943240A-9B57-2165-1957-4B84A7B19288}.Debug|x86.ActiveCfg = Debug|Any CPU
		{5943240A-9B57-2165-1957-4B84A7B19288}.Debug|x86.Build.0 = Debug|Any CPU
		{5943240A-9B57-2165-1957-4B84A7B19288}.Release|Any CPU.ActiveCfg = Release|Any CPU
		{5943240A-9B57-2165-1957-4B84A7B19288}.Release|Any CPU.Build.0 = Release|Any CPU
		{5943240A-9B57-2165-1957-4B84A7B19288}.Release|x64.ActiveCfg = Release|Any CPU
		{5943240A-9B57-2165-1957-4B84A7B19288}.Release|x64.Build.0 = Release|Any CPU
		{5943240A-9B57-2165-1957-4B84A7B19288}.Release|x86.ActiveCfg = Release|Any CPU
		{5943240A-9B57-2165-1957-4B84A7B19288}.Release|x86.Build.0 = Release|Any CPU
	EndGlobalSection
	GlobalSection(SolutionProperties) = preSolution
		HideSolutionNode = FALSE
	EndGlobalSection
	GlobalSection(NestedProjects) = preSolution
		{9FD97A30-6E0E-4410-BC1D-F9CA429C879F} = {827E0CD3-B72D-47B6-A68D-7590B98EB39B}
		{33910567-393C-4AA1-9D84-AAE9F3CA35BC} = {827E0CD3-B72D-47B6-A68D-7590B98EB39B}
		{A1B2C3D4-E5F6-7890-ABCD-EF1234567890} = {F5B4C3D2-A1E0-4F9B-8C7D-6E5F4A3B2C1A}
		{B2C3D4E5-F6A7-8901-BCDE-F23456789012} = {F5B4C3D2-A1E0-4F9B-8C7D-6E5F4A3B2C1A}
		{C3D4E5F6-A7B8-9012-CDEF-345678901234} = {F5B4C3D2-A1E0-4F9B-8C7D-6E5F4A3B2C1A}
		{86E43B2C-D5B8-2F8D-6F0F-AD7083A094BA} = {F5B4C3D2-A1E0-4F9B-8C7D-6E5F4A3B2C1A}
		{9C7A6107-902C-FF88-7554-C01B38E090B3} = {F5B4C3D2-A1E0-4F9B-8C7D-6E5F4A3B2C1A}
		{DCB1053D-402B-B84B-FB38-08A29994E898} = {827E0CD3-B72D-47B6-A68D-7590B98EB39B}
		{2E4EB946-0F33-97A5-DFD5-0244499BF599} = {F5B4C3D2-A1E0-4F9B-8C7D-6E5F4A3B2C1A}
		{5B5A0823-5BFE-A05F-5510-217CAD60569A} = {02EA681E-C7D8-13C7-8484-4AC65E1B71E8}
		{5943240A-9B57-2165-1957-4B84A7B19288} = {F5B4C3D2-A1E0-4F9B-8C7D-6E5F4A3B2C1A}
	EndGlobalSection
	GlobalSection(ExtensibilityGlobals) = postSolution
		SolutionGuid = {9E80040A-A52D-4F18-BF91-BD0B226EE78B}
	EndGlobalSection
EndGlobal
